Microsoft Visual Studio Solution File, Format Version 12.00
# Visual Studio Version 17
VisualStudioVersion = 17.13.35919.96
MinimumVisualStudioVersion = 10.0.40219.1
Project("{FAE04EC0-301F-11D3-BF4B-00C04F79EFBC}") = "BaristaApplication", "BaristaApplication.csproj", "{DD070516-09C2-4CEB-9F0B-9D089D9131F8}"
EndProject
Global
	GlobalSection(SolutionConfigurationPlatforms) = preSolution
		Debug|Any CPU = Debug|Any CPU
		Release|Any CPU = Release|Any CPU
	EndGlobalSection
	GlobalSection(ProjectConfigurationPlatforms) = postSolution
		{DD070516-09C2-4CEB-9F0B-9D089D9131F8}.Debug|Any CPU.ActiveCfg = Debug|Any CPU
		{DD070516-09C2-4CEB-9F0B-9D089D9131F8}.Debug|Any CPU.Build.0 = Debug|Any CPU
		{DD070516-09C2-4CEB-9F0B-9D089D9131F8}.Release|Any CPU.ActiveCfg = Release|Any CPU
		{DD070516-09C2-4CEB-9F0B-9D089D9131F8}.Release|Any CPU.Build.0 = Release|Any CPU
	EndGlobalSection
	GlobalSection(SolutionProperties) = preSolution
		HideSolutionNode = FALSE
	EndGlobalSection
	GlobalSection(ExtensibilityGlobals) = postSolution
		SolutionGuid = {ED4DFCE8-BB48-4152-8B72-878B47CBFC2E}
	EndGlobalSection
EndGlobal
